
Microsoft Visual Studio Solution File, Format Version 12.00
# Visual Studio 15
VisualStudioVersion = 15.0.28307.271
MinimumVisualStudioVersion = 10.0.40219.1
Project("{FAE04EC0-301F-11D3-BF4B-00C04F79EFBC}") = "CM.Calculator.Android", "CM.Calculator\CM.Calculator.Android\CM.Calculator.Android.csproj", "{C5381873-EA0B-4A77-B528-5FF9EC465DEC}"
EndProject
Project("{FAE04EC0-301F-11D3-BF4B-00C04F79EFBC}") = "CM.Calculator.iOS", "CM.Calculator\CM.Calculator.iOS\CM.Calculator.iOS.csproj", "{19931469-C7E1-448D-B447-45D2C4E15390}"
EndProject
Project("{FAE04EC0-301F-11D3-BF4B-00C04F79EFBC}") = "CM.Calculator", "CM.Calculator\CM.Calculator\CM.Calculator.csproj", "{F1485992-D463-448F-B696-64BD07CAE519}"
EndProject
Global
	GlobalSection(SolutionConfigurationPlatforms) = preSolution
		Ad-Hoc|Any CPU = Ad-Hoc|Any CPU
		Ad-Hoc|iPhone = Ad-Hoc|iPhone
		Ad-Hoc|iPhoneSimulator = Ad-Hoc|iPhoneSimulator
		AppStore|Any CPU = AppStore|Any CPU
		AppStore|iPhone = AppStore|iPhone
		AppStore|iPhoneSimulator = AppStore|iPhoneSimulator
		Debug|Any CPU = Debug|Any CPU
		Debug|iPhone = Debug|iPhone
		Debug|iPhoneSimulator = Debug|iPhoneSimulator
		Release|Any CPU = Release|Any CPU
		Release|iPhone = Release|iPhone
		Release|iPhoneSimulator = Release|iPhoneSimulator
	EndGlobalSection
	GlobalSection(ProjectConfigurationPlatforms) = postSolution
		{C5381873-EA0B-4A77-B528-5FF9EC465DEC}.Ad-Hoc|Any CPU.ActiveCfg = Release|Any CPU
		{C5381873-EA0B-4A77-B528-5FF9EC465DEC}.Ad-Hoc|Any CPU.Build.0 = Release|Any CPU
		{C5381873-EA0B-4A77-B528-5FF9EC465DEC}.Ad-Hoc|Any CPU.Deploy.0 = Release|Any CPU
		{C5381873-EA0B-4A77-B528-5FF9EC465DEC}.Ad-Hoc|iPhone.ActiveCfg = Release|Any CPU
		{C5381873-EA0B-4A77-B528-5FF9EC465DEC}.Ad-Hoc|iPhone.Build.0 = Release|Any CPU
		{C5381873-EA0B-4A77-B528-5FF9EC465DEC}.Ad-Hoc|iPhone.Deploy.0 = Release|Any CPU
		{C5381873-EA0B-4A77-B528-5FF9EC465DEC}.Ad-Hoc|iPhoneSimulator.ActiveCfg = Release|Any CPU
		{C5381873-EA0B-4A77-B528-5FF9EC465DEC}.Ad-Hoc|iPhoneSimulator.Build.0 = Release|Any CPU
		{C5381873-EA0B-4A77-B528-5FF9EC465DEC}.Ad-Hoc|iPhoneSimulator.Deploy.0 = Release|Any CPU
		{C5381873-EA0B-4A77-B528-5FF9EC465DEC}.AppStore|Any CPU.ActiveCfg = Release|Any CPU
		{C5381873-EA0B-4A77-B528-5FF9EC465DEC}.AppStore|Any CPU.Build.0 = Release|Any CPU
		{C5381873-EA0B-4A77-B528-5FF9EC465DEC}.AppStore|Any CPU.Deploy.0 = Release|Any CPU
		{C5381873-EA0B-4A77-B528-5FF9EC465DEC}.AppStore|iPhone.ActiveCfg = Release|Any CPU
		{C5381873-EA0B-4A77-B528-5FF9EC465DEC}.AppStore|iPhone.Build.0 = Release|Any CPU
		{C5381873-EA0B-4A77-B528-5FF9EC465DEC}.AppStore|iPhone.Deploy.0 = Release|Any CPU
		{C5381873-EA0B-4A77-B528-5FF9EC465DEC}.AppStore|iPhoneSimulator.ActiveCfg = Release|Any CPU
		{C5381873-EA0B-4A77-B528-5FF9EC465DEC}.AppStore|iPhoneSimulator.Build.0 = Release|Any CPU
		{C5381873-EA0B-4A77-B528-5FF9EC465DEC}.AppStore|iPhoneSimulator.Deploy.0 = Release|Any CPU
		{C5381873-EA0B-4A77-B528-5FF9EC465DEC}.Debug|Any CPU.ActiveCfg = Debug|Any CPU
		{C5381873-EA0B-4A77-B528-5FF9EC465DEC}.Debug|Any CPU.Build.0 = Debug|Any CPU
		{C5381873-EA0B-4A77-B528-5FF9EC465DEC}.Debug|Any CPU.Deploy.0 = Debug|Any CPU
		{C5381873-EA0B-4A77-B528-5FF9EC465DEC}.Debug|iPhone.ActiveCfg = Debug|Any CPU
		{C5381873-EA0B-4A77-B528-5FF9EC465DEC}.Debug|iPhone.Build.0 = Debug|Any CPU
		{C5381873-EA0B-4A77-B528-5FF9EC465DEC}.Debug|iPhone.Deploy.0 = Debug|Any CPU
		{C5381873-EA0B-4A77-B528-5FF9EC465DEC}.Debug|iPhoneSimulator.ActiveCfg = Debug|Any CPU
		{C5381873-EA0B-4A77-B528-5FF9EC465DEC}.Debug|iPhoneSimulator.Build.0 = Debug|Any CPU
		{C5381873-EA0B-4A77-B528-5FF9EC465DEC}.Debug|iPhoneSimulator.Deploy.0 = Debug|Any CPU
		{C5381873-EA0B-4A77-B528-5FF9EC465DEC}.Release|Any CPU.ActiveCfg = Release|Any CPU
		{C5381873-EA0B-4A77-B528-5FF9EC465DEC}.Release|Any CPU.Build.0 = Release|Any CPU
		{C5381873-EA0B-4A77-B528-5FF9EC465DEC}.Release|Any CPU.Deploy.0 = Release|Any CPU
		{C5381873-EA0B-4A77-B528-5FF9EC465DEC}.Release|iPhone.ActiveCfg = Release|Any CPU
		{C5381873-EA0B-4A77-B528-5FF9EC465DEC}.Release|iPhone.Build.0 = Release|Any CPU
		{C5381873-EA0B-4A77-B528-5FF9EC465DEC}.Release|iPhone.Deploy.0 = Release|Any CPU
		{C5381873-EA0B-4A77-B528-5FF9EC465DEC}.Release|iPhoneSimulator.ActiveCfg = Release|Any CPU
		{C5381873-EA0B-4A77-B528-5FF9EC465DEC}.Release|iPhoneSimulator.Build.0 = Release|Any CPU
		{C5381873-EA0B-4A77-B528-5FF9EC465DEC}.Release|iPhoneSimulator.Deploy.0 = Release|Any CPU
		{19931469-C7E1-448D-B447-45D2C4E15390}.Ad-Hoc|Any CPU.ActiveCfg = Ad-Hoc|iPhone
		{19931469-C7E1-448D-B447-45D2C4E15390}.Ad-Hoc|Any CPU.Build.0 = Ad-Hoc|iPhone
		{19931469-C7E1-448D-B447-45D2C4E15390}.Ad-Hoc|Any CPU.Deploy.0 = Ad-Hoc|iPhone
		{19931469-C7E1-448D-B447-45D2C4E15390}.Ad-Hoc|iPhone.ActiveCfg = Ad-Hoc|iPhone
		{19931469-C7E1-448D-B447-45D2C4E15390}.Ad-Hoc|iPhone.Build.0 = Ad-Hoc|iPhone
		{19931469-C7E1-448D-B447-45D2C4E15390}.Ad-Hoc|iPhone.Deploy.0 = Ad-Hoc|iPhone
		{19931469-C7E1-448D-B447-45D2C4E15390}.Ad-Hoc|iPhoneSimulator.ActiveCfg = Ad-Hoc|iPhoneSimulator
		{19931469-C7E1-448D-B447-45D2C4E15390}.Ad-Hoc|iPhoneSimulator.Build.0 = Ad-Hoc|iPhoneSimulator
		{19931469-C7E1-448D-B447-45D2C4E15390}.Ad-Hoc|iPhoneSimulator.Deploy.0 = Ad-Hoc|iPhoneSimulator
		{19931469-C7E1-448D-B447-45D2C4E15390}.AppStore|Any CPU.ActiveCfg = AppStore|iPhone
		{19931469-C7E1-448D-B447-45D2C4E15390}.AppStore|Any CPU.Build.0 = AppStore|iPhone
		{19931469-C7E1-448D-B447-45D2C4E15390}.AppStore|Any CPU.Deploy.0 = AppStore|iPhone
		{19931469-C7E1-448D-B447-45D2C4E15390}.AppStore|iPhone.ActiveCfg = AppStore|iPhone
		{19931469-C7E1-448D-B447-45D2C4E15390}.AppStore|iPhone.Build.0 = AppStore|iPhone
		{19931469-C7E1-448D-B447-45D2C4E15390}.AppStore|iPhone.Deploy.0 = AppStore|iPhone
		{19931469-C7E1-448D-B447-45D2C4E15390}.AppStore|iPhoneSimulator.ActiveCfg = AppStore|iPhoneSimulator
		{19931469-C7E1-448D-B447-45D2C4E15390}.AppStore|iPhoneSimulator.Build.0 = AppStore|iPhoneSimulator
		{19931469-C7E1-448D-B447-45D2C4E15390}.AppStore|iPhoneSimulator.Deploy.0 = AppStore|iPhoneSimulator
		{19931469-C7E1-448D-B447-45D2C4E15390}.Debug|Any CPU.ActiveCfg = Debug|iPhoneSimulator
		{19931469-C7E1-448D-B447-45D2C4E15390}.Debug|Any CPU.Build.0 = Debug|iPhoneSimulator
		{19931469-C7E1-448D-B447-45D2C4E15390}.Debug|Any CPU.Deploy.0 = Debug|iPhoneSimulator
		{19931469-C7E1-448D-B447-45D2C4E15390}.Debug|iPhone.ActiveCfg = Debug|iPhone
		{19931469-C7E1-448D-B447-45D2C4E15390}.Debug|iPhone.Build.0 = Debug|iPhone
		{19931469-C7E1-448D-B447-45D2C4E15390}.Debug|iPhone.Deploy.0 = Debug|iPhone
		{19931469-C7E1-448D-B447-45D2C4E15390}.Debug|iPhoneSimulator.ActiveCfg = Debug|iPhoneSimulator
		{19931469-C7E1-448D-B447-45D2C4E15390}.Debug|iPhoneSimulator.Build.0 = Debug|iPhoneSimulator
		{19931469-C7E1-448D-B447-45D2C4E15390}.Debug|iPhoneSimulator.Deploy.0 = Debug|iPhoneSimulator
		{19931469-C7E1-448D-B447-45D2C4E15390}.Release|Any CPU.ActiveCfg = Release|iPhone
		{19931469-C7E1-448D-B447-45D2C4E15390}.Release|Any CPU.Build.0 = Release|iPhone
		{19931469-C7E1-448D-B447-45D2C4E15390}.Release|Any CPU.Deploy.0 = Release|iPhone
		{19931469-C7E1-448D-B447-45D2C4E15390}.Release|iPhone.ActiveCfg = Release|iPhone
		{19931469-C7E1-448D-B447-45D2C4E15390}.Release|iPhone.Build.0 = Release|iPhone
		{19931469-C7E1-448D-B447-45D2C4E15390}.Release|iPhone.Deploy.0 = Release|iPhone
		{19931469-C7E1-448D-B447-45D2C4E15390}.Release|iPhoneSimulator.ActiveCfg = Release|iPhoneSimulator
		{19931469-C7E1-448D-B447-45D2C4E15390}.Release|iPhoneSimulator.Build.0 = Release|iPhoneSimulator
		{19931469-C7E1-448D-B447-45D2C4E15390}.Release|iPhoneSimulator.Deploy.0 = Release|iPhoneSimulator
		{F1485992-D463-448F-B696-64BD07CAE519}.Ad-Hoc|Any CPU.ActiveCfg = Debug|Any CPU
		{F1485992-D463-448F-B696-64BD07CAE519}.Ad-Hoc|Any CPU.Build.0 = Debug|Any CPU
		{F1485992-D463-448F-B696-64BD07CAE519}.Ad-Hoc|Any CPU.Deploy.0 = Debug|Any CPU
		{F1485992-D463-448F-B696-64BD07CAE519}.Ad-Hoc|iPhone.ActiveCfg = Debug|Any CPU
		{F1485992-D463-448F-B696-64BD07CAE519}.Ad-Hoc|iPhone.Build.0 = Debug|Any CPU
		{F1485992-D463-448F-B696-64BD07CAE519}.Ad-Hoc|iPhone.Deploy.0 = Debug|Any CPU
		{F1485992-D463-448F-B696-64BD07CAE519}.Ad-Hoc|iPhoneSimulator.ActiveCfg = Debug|Any CPU
		{F1485992-D463-448F-B696-64BD07CAE519}.Ad-Hoc|iPhoneSimulator.Build.0 = Debug|Any CPU
		{F1485992-D463-448F-B696-64BD07CAE519}.Ad-Hoc|iPhoneSimulator.Deploy.0 = Debug|Any CPU
		{F1485992-D463-448F-B696-64BD07CAE519}.AppStore|Any CPU.ActiveCfg = Debug|Any CPU
		{F1485992-D463-448F-B696-64BD07CAE519}.AppStore|Any CPU.Build.0 = Debug|Any CPU
		{F1485992-D463-448F-B696-64BD07CAE519}.AppStore|Any CPU.Deploy.0 = Debug|Any CPU
		{F1485992-D463-448F-B696-64BD07CAE519}.AppStore|iPhone.ActiveCfg = Debug|Any CPU
		{F1485992-D463-448F-B696-64BD07CAE519}.AppStore|iPhone.Build.0 = Debug|Any CPU
		{F1485992-D463-448F-B696-64BD07CAE519}.AppStore|iPhone.Deploy.0 = Debug|Any CPU
		{F1485992-D463-448F-B696-64BD07CAE519}.AppStore|iPhoneSimulator.ActiveCfg = Debug|Any CPU
		{F1485992-D463-448F-B696-64BD07CAE519}.AppStore|iPhoneSimulator.Build.0 = Debug|Any CPU
		{F1485992-D463-448F-B696-64BD07CAE519}.AppStore|iPhoneSimulator.Deploy.0 = Debug|Any CPU
		{F1485992-D463-448F-B696-64BD07CAE519}.Debug|Any CPU.ActiveCfg = Debug|Any CPU
		{F1485992-D463-448F-B696-64BD07CAE519}.Debug|Any CPU.Build.0 = Debug|Any CPU
		{F1485992-D463-448F-B696-64BD07CAE519}.Debug|Any CPU.Deploy.0 = Debug|Any CPU
		{F1485992-D463-448F-B696-64BD07CAE519}.Debug|iPhone.ActiveCfg = Debug|Any CPU
		{F1485992-D463-448F-B696-64BD07CAE519}.Debug|iPhone.Build.0 = Debug|Any CPU
		{F1485992-D463-448F-B696-64BD07CAE519}.Debug|iPhone.Deploy.0 = Debug|Any CPU
		{F1485992-D463-448F-B696-64BD07CAE519}.Debug|iPhoneSimulator.ActiveCfg = Debug|Any CPU
		{F1485992-D463-448F-B696-64BD07CAE519}.Debug|iPhoneSimulator.Build.0 = Debug|Any CPU
		{F1485992-D463-448F-B696-64BD07CAE519}.Debug|iPhoneSimulator.Deploy.0 = Debug|Any CPU
		{F1485992-D463-448F-B696-64BD07CAE519}.Release|Any CPU.ActiveCfg = Release|Any CPU
		{F1485992-D463-448F-B696-64BD07CAE519}.Release|Any CPU.Build.0 = Release|Any CPU
		{F1485992-D463-448F-B696-64BD07CAE519}.Release|Any CPU.Deploy.0 = Release|Any CPU
		{F1485992-D463-448F-B696-64BD07CAE519}.Release|iPhone.ActiveCfg = Release|Any CPU
		{F1485992-D463-448F-B696-64BD07CAE519}.Release|iPhone.Build.0 = Release|Any CPU
		{F1485992-D463-448F-B696-64BD07CAE519}.Release|iPhone.Deploy.0 = Release|Any CPU
		{F1485992-D463-448F-B696-64BD07CAE519}.Release|iPhoneSimulator.ActiveCfg = Release|Any CPU
		{F1485992-D463-448F-B696-64BD07CAE519}.Release|iPhoneSimulator.Build.0 = Release|Any CPU
		{F1485992-D463-448F-B696-64BD07CAE519}.Release|iPhoneSimulator.Deploy.0 = Release|Any CPU
	EndGlobalSection
	GlobalSection(SolutionProperties) = preSolution
		HideSolutionNode = FALSE
	EndGlobalSection
	GlobalSection(ExtensibilityGlobals) = postSolution
		SolutionGuid = {E1991D8A-E817-49BF-B2D3-FC732652E172}
	EndGlobalSection
EndGlobal
